
Microsoft Visual Studio Solution File, Format Version 12.00
# Visual Studio Version 17
VisualStudioVersion = 17.9.34728.123
MinimumVisualStudioVersion = 10.0.40219.1
Project("{FAE04EC0-301F-11D3-BF4B-00C04F79EFBC}") = "SumProgram", "SumProgram.csproj", "{980D823A-A68B-41B3-AF82-693C24ABBDC4}"
EndProject
Global
	GlobalSection(SolutionConfigurationPlatforms) = preSolution
		Debug|Any CPU = Debug|Any CPU
		Release|Any CPU = Release|Any CPU
	EndGlobalSection
	GlobalSection(ProjectConfigurationPlatforms) = postSolution
		{980D823A-A68B-41B3-AF82-693C24ABBDC4}.Debug|Any CPU.ActiveCfg = Debug|Any CPU
		{980D823A-A68B-41B3-AF82-693C24ABBDC4}.Debug|Any CPU.Build.0 = Debug|Any CPU
		{980D823A-A68B-41B3-AF82-693C24ABBDC4}.Release|Any CPU.ActiveCfg = Release|Any CPU
		{980D823A-A68B-41B3-AF82-693C24ABBDC4}.Release|Any CPU.Build.0 = Release|Any CPU
	EndGlobalSection
	GlobalSection(SolutionProperties) = preSolution
		HideSolutionNode = FALSE
	EndGlobalSection
	GlobalSection(ExtensibilityGlobals) = postSolution
		SolutionGuid = {1895447B-8E3B-47A9-80EA-0BAA9AFCCB4C}
	EndGlobalSection
EndGlobal
