
Microsoft Visual Studio Solution File, Format Version 12.00
# Visual Studio Version 17
VisualStudioVersion = 17.9.34728.123
MinimumVisualStudioVersion = 10.0.40219.1
Project("{FAE04EC0-301F-11D3-BF4B-00C04F79EFBC}") = "ConsoleApp", "ConsoleApp\ConsoleApp.csproj", "{219D2DFB-2345-42CD-8129-C0EECD3CBADE}"
	ProjectSection(ProjectDependencies) = postProject
		{A7D12F16-BB70-4442-8353-627FB2D45AB0} = {A7D12F16-BB70-4442-8353-627FB2D45AB0}
	EndProjectSection
EndProject
Project("{FAE04EC0-301F-11D3-BF4B-00C04F79EFBC}") = "AprioriAlgorithm", "Apriori\AprioriAlgorithm.csproj", "{A7D12F16-BB70-4442-8353-627FB2D45AB0}"
EndProject
Global
	GlobalSection(SolutionConfigurationPlatforms) = preSolution
		Debug|Any CPU = Debug|Any CPU
		Release|Any CPU = Release|Any CPU
	EndGlobalSection
	GlobalSection(ProjectConfigurationPlatforms) = postSolution
		{219D2DFB-2345-42CD-8129-C0EECD3CBADE}.Debug|Any CPU.ActiveCfg = Debug|Any CPU
		{219D2DFB-2345-42CD-8129-C0EECD3CBADE}.Debug|Any CPU.Build.0 = Debug|Any CPU
		{219D2DFB-2345-42CD-8129-C0EECD3CBADE}.Release|Any CPU.ActiveCfg = Release|Any CPU
		{219D2DFB-2345-42CD-8129-C0EECD3CBADE}.Release|Any CPU.Build.0 = Release|Any CPU
		{A7D12F16-BB70-4442-8353-627FB2D45AB0}.Debug|Any CPU.ActiveCfg = Debug|Any CPU
		{A7D12F16-BB70-4442-8353-627FB2D45AB0}.Debug|Any CPU.Build.0 = Debug|Any CPU
		{A7D12F16-BB70-4442-8353-627FB2D45AB0}.Release|Any CPU.ActiveCfg = Release|Any CPU
		{A7D12F16-BB70-4442-8353-627FB2D45AB0}.Release|Any CPU.Build.0 = Release|Any CPU
	EndGlobalSection
	GlobalSection(SolutionProperties) = preSolution
		HideSolutionNode = FALSE
	EndGlobalSection
	GlobalSection(ExtensibilityGlobals) = postSolution
		SolutionGuid = {C053EA1C-30FA-44FF-B866-74A2F7062DA5}
	EndGlobalSection
EndGlobal
