
Microsoft Visual Studio Solution File, Format Version 12.00
# Visual Studio Version 17
VisualStudioVersion = 17.9.34728.123
MinimumVisualStudioVersion = 10.0.40219.1
Project("{FAE04EC0-301F-11D3-BF4B-00C04F79EFBC}") = "Management", "Management.csproj", "{0A4A3C67-1DB6-48A4-BF27-EF003C74D07A}"
EndProject
Global
	GlobalSection(SolutionConfigurationPlatforms) = preSolution
		Debug|Any CPU = Debug|Any CPU
		Release|Any CPU = Release|Any CPU
	EndGlobalSection
	GlobalSection(ProjectConfigurationPlatforms) = postSolution
		{0A4A3C67-1DB6-48A4-BF27-EF003C74D07A}.Debug|Any CPU.ActiveCfg = Debug|Any CPU
		{0A4A3C67-1DB6-48A4-BF27-EF003C74D07A}.Debug|Any CPU.Build.0 = Debug|Any CPU
		{0A4A3C67-1DB6-48A4-BF27-EF003C74D07A}.Release|Any CPU.ActiveCfg = Release|Any CPU
		{0A4A3C67-1DB6-48A4-BF27-EF003C74D07A}.Release|Any CPU.Build.0 = Release|Any CPU
	EndGlobalSection
	GlobalSection(SolutionProperties) = preSolution
		HideSolutionNode = FALSE
	EndGlobalSection
	GlobalSection(ExtensibilityGlobals) = postSolution
		SolutionGuid = {0EE47228-4629-4EE6-B9D7-DE5FB4A61C6A}
	EndGlobalSection
EndGlobal
