
Microsoft Visual Studio Solution File, Format Version 12.00
# Visual Studio Version 17
VisualStudioVersion = 17.9.34701.34
MinimumVisualStudioVersion = 10.0.40219.1
Project("{FAE04EC0-301F-11D3-BF4B-00C04F79EFBC}") = "Job28", "Job28.csproj", "{CDB9F607-4D65-42FE-A4BD-3D9D39C32495}"
EndProject
Global
	GlobalSection(SolutionConfigurationPlatforms) = preSolution
		Debug|Any CPU = Debug|Any CPU
		Release|Any CPU = Release|Any CPU
	EndGlobalSection
	GlobalSection(ProjectConfigurationPlatforms) = postSolution
		{CDB9F607-4D65-42FE-A4BD-3D9D39C32495}.Debug|Any CPU.ActiveCfg = Debug|Any CPU
		{CDB9F607-4D65-42FE-A4BD-3D9D39C32495}.Debug|Any CPU.Build.0 = Debug|Any CPU
		{CDB9F607-4D65-42FE-A4BD-3D9D39C32495}.Release|Any CPU.ActiveCfg = Release|Any CPU
		{CDB9F607-4D65-42FE-A4BD-3D9D39C32495}.Release|Any CPU.Build.0 = Release|Any CPU
	EndGlobalSection
	GlobalSection(SolutionProperties) = preSolution
		HideSolutionNode = FALSE
	EndGlobalSection
	GlobalSection(ExtensibilityGlobals) = postSolution
		SolutionGuid = {A8390BFC-5947-4599-92A6-4B0DB398102E}
	EndGlobalSection
EndGlobal
