
Microsoft Visual Studio Solution File, Format Version 12.00
# Visual Studio Version 17
VisualStudioVersion = 17.7.34024.191
MinimumVisualStudioVersion = 10.0.40219.1
Project("{FAE04EC0-301F-11D3-BF4B-00C04F79EFBC}") = "Job20_OpenVideos_ExtractImages_UsingEmguCV", "Job20_OpenVideos_ExtractImages_UsingEmguCV\Job20_OpenVideos_ExtractImages_UsingEmguCV.csproj", "{BF5B0D90-5732-4D71-B591-C86F60A86714}"
EndProject
Global
	GlobalSection(SolutionConfigurationPlatforms) = preSolution
		Debug|Any CPU = Debug|Any CPU
		Release|Any CPU = Release|Any CPU
	EndGlobalSection
	GlobalSection(ProjectConfigurationPlatforms) = postSolution
		{BF5B0D90-5732-4D71-B591-C86F60A86714}.Debug|Any CPU.ActiveCfg = Debug|Any CPU
		{BF5B0D90-5732-4D71-B591-C86F60A86714}.Debug|Any CPU.Build.0 = Debug|Any CPU
		{BF5B0D90-5732-4D71-B591-C86F60A86714}.Release|Any CPU.ActiveCfg = Release|Any CPU
		{BF5B0D90-5732-4D71-B591-C86F60A86714}.Release|Any CPU.Build.0 = Release|Any CPU
	EndGlobalSection
	GlobalSection(SolutionProperties) = preSolution
		HideSolutionNode = FALSE
	EndGlobalSection
	GlobalSection(ExtensibilityGlobals) = postSolution
		SolutionGuid = {41E49F00-F17E-4D68-B029-B073129B5953}
	EndGlobalSection
EndGlobal
