
Microsoft Visual Studio Solution File, Format Version 12.00
# Visual Studio Version 17
VisualStudioVersion = 17.9.34728.123
MinimumVisualStudioVersion = 10.0.40219.1
Project("{FAE04EC0-301F-11D3-BF4B-00C04F79EFBC}") = "FileTransferServerCsharp", "FileTransferServerCsharp.csproj", "{6AFC18E5-E0AE-484E-8C4F-E1E584439417}"
EndProject
Global
	GlobalSection(SolutionConfigurationPlatforms) = preSolution
		Debug|Any CPU = Debug|Any CPU
		Release|Any CPU = Release|Any CPU
	EndGlobalSection
	GlobalSection(ProjectConfigurationPlatforms) = postSolution
		{6AFC18E5-E0AE-484E-8C4F-E1E584439417}.Debug|Any CPU.ActiveCfg = Debug|Any CPU
		{6AFC18E5-E0AE-484E-8C4F-E1E584439417}.Debug|Any CPU.Build.0 = Debug|Any CPU
		{6AFC18E5-E0AE-484E-8C4F-E1E584439417}.Release|Any CPU.ActiveCfg = Release|Any CPU
		{6AFC18E5-E0AE-484E-8C4F-E1E584439417}.Release|Any CPU.Build.0 = Release|Any CPU
	EndGlobalSection
	GlobalSection(SolutionProperties) = preSolution
		HideSolutionNode = FALSE
	EndGlobalSection
	GlobalSection(ExtensibilityGlobals) = postSolution
		SolutionGuid = {30E71B02-EE85-4F88-9988-F2E1958F025B}
	EndGlobalSection
EndGlobal
