
Microsoft Visual Studio Solution File, Format Version 12.00
# Visual Studio Version 17
VisualStudioVersion = 17.11.35312.102
MinimumVisualStudioVersion = 10.0.40219.1
Project("{FAE04EC0-301F-11D3-BF4B-00C04F79EFBC}") = "VehicleDetection(8.0)", "VehicleDetection(8.0).csproj", "{04945C25-676E-46CF-94AF-92400E8D4CED}"
EndProject
Global
	GlobalSection(SolutionConfigurationPlatforms) = preSolution
		Debug|Any CPU = Debug|Any CPU
		Release|Any CPU = Release|Any CPU
	EndGlobalSection
	GlobalSection(ProjectConfigurationPlatforms) = postSolution
		{04945C25-676E-46CF-94AF-92400E8D4CED}.Debug|Any CPU.ActiveCfg = Debug|Any CPU
		{04945C25-676E-46CF-94AF-92400E8D4CED}.Debug|Any CPU.Build.0 = Debug|Any CPU
		{04945C25-676E-46CF-94AF-92400E8D4CED}.Release|Any CPU.ActiveCfg = Release|Any CPU
		{04945C25-676E-46CF-94AF-92400E8D4CED}.Release|Any CPU.Build.0 = Release|Any CPU
	EndGlobalSection
	GlobalSection(SolutionProperties) = preSolution
		HideSolutionNode = FALSE
	EndGlobalSection
	GlobalSection(ExtensibilityGlobals) = postSolution
		SolutionGuid = {D7889ABC-674A-4444-BC4C-41977E6BE356}
	EndGlobalSection
EndGlobal
